# 세계 시계 — 메인스토리 막(幕) 등록부 (기계 판독용)
# 기준 문서: docs/design/world_clock.md (B-110)
# 이야기 정본: docs/story_summary.md — 이 파일은 그 이야기를 옮겨 적을 뿐, 고치지 않는다.
#
# 원칙: 막의 결말은 정본이 정하고, 플레이어는 박자와 자기 몫을 정한다.
#       아무도 사건을 안 일으키면 세계가 스스로 이 시계로 진행한다 (모든 박에 자동 해소).
#       수치(막·유효일·박자보정)는 절대 노출 금지 — 소문·NPC·의뢰·지역 상태로만 드러난다.
#
# ─── 배선 (2026-07-15, B-110) — 이 등록부는 살아 있다 ───
# 읽는 코드: server-bot WorldClockEngine (자정 정산 advanceWorld 의 한 단계 — 막 진입·박 발화·전조),
# 승인 명령 /막개전 (human gate, MANAGE_SERVER — HoncheonBot 최상위 등록).
# ★ 단 tempo 절(박자보정 **입력**)만은 아직 미배선이다 (설계 §8 ④ — 장 엔진 P2 와 함께):
#   지금은 world_meta '박자보정:<막id>' 를 읽기만 한다 (기본 0 · ±tempo_clamp). 아무도 쓰지 않으므로
#   세계는 기본 시계로만 흐른다 — 그것만으로 "아무도 안 일으키면 스스로 진행"은 선다 (설계 §5 주의).
# ★ 문안키의 산문(문안)은 아직 등재 전이다 — 그동안 소문 내용은 키의 밑줄을 빈칸으로 편 것이다.
# 대조하는 눈: tools/world_clock_audit.py (자기 시험: tools/world_clock_audit_selftest.py)

meta:
  canon: docs/story_summary.md                 # 이야기 정본 — 수정 금지, 옮겨 적기만
  day_source: "world_meta '현재일' — 현실 1일 = 세계 1일 (자정 Asia/Seoul, advanceWorld)"
  state_keys: [세계막, 막진입일, "박자보정:<막id>"]   # 전부 world_meta 키밸류 — 스키마 변경 없음
  # 구현 장부 (설계 §8 ② 의 3종 밖 — 멱등 표식. 역시 world_meta 키밸류, 스키마 변경 없음):
  #   박발화:<막id>.<박key> = 발화 세계일 (박은 한 번만 터진다) · 전조발화:<막id> = 전조를 심은 세계일
  bookkeeping_keys: ["박발화:<막id>.<박key>", "전조발화:<막id>"]
  event_types: [막전환, 막관문]                  # events 원장 append 타입 (되돌림 불가의 감사 흔적)
  visibility: "막·유효일·박자보정은 내부 상태 — 노출 금지 (world_reaction_system 총원칙)"
  registry: "factions.yml 등재 세력 id 만. 소문 태그·장 키·명분 태그는 기존 등록부의 것만 쓴다"

clock:
  effective_day: "유효일 E = 세계일 D + 박자보정 T(현재 막)"   # 진입·박 발화 판정은 전부 E 로
  tempo_clamp: 20            # 막당 박자보정 상한 ±20일 — 이야기를 이 이상 밀거나 당길 수 없다 (정본은 흐른다)
  tempo_decay: none          # 박자보정은 감쇠하지 않는다 — 이야기의 압력은 소문이 아니다. 앞당긴 사흘은 앞당겨진 채 남는다
  tempo_dedupe: "같은 입력 키는 막당 1회 (faction_reaction 중복 가산 금지 3원칙의 재사용)"
  herald_lead_days: 3        # 막 전환 예정 유효일 3일 전부터 전조 소문 — 세계가 먼저 수군거린다 (되돌림 불가의 대가)
  beat_law: "모든 박은 time.yml deadline_events 문법 — 타이머 소진 시 플레이어 없이 진행된다 (교착 불능의 근거)"

# ═══════════════════════════════════════════════════════════════════
# 막 등록부 — story_summary 「메인 스토리 흐름」 다섯 단계의 1:1 대응 (누락 없음)
#   entry.base_day 는 전부 ★실측 보정 대상 (경험 정본 §3 — 세션 길이는 지인 테스트 실측으로)
#   beats[].at 은 막 진입일 기준 상대 유효일. resolve 는 자동 해소(세계가 스스로 진행하는 결말)
# ═══════════════════════════════════════════════════════════════════
acts:

  # ══════════════════════════════════════════════════════════════════════
  #  ★★v2 재작성 (2026-07-26 사용자 확정 — 거대 줄기 7막)
  #  옛 5막(마교의 암류 → 혈교의 부상 → 삼파전 → 에필로그)을 **교체했다.**
  #  근거 두 문장(사용자 원문 · story_summary v2 머리에도 적었다):
  #    ① 「맹이 없는 게 당연하다」 — 각자 대립하다 **홀로는 부족함을 깨닫고** 맹이 선다.
  #       연합은 시작이 아니라 결과다. → 그래서 옛 제1장의 「정파 연합이 격퇴」가 폐기된다.
  #    ② 「혈교는 계기일 뿐이다」 — 하나만 터졌어도 났다. 원인이 아니라 **방아쇠**다.
  #       → 그래서 제0막의 갈등 원인은 혈교와 **무관한 것들**도 함께 깔린다.
  #
  #  ★안전 확인 (재작성 전 실측): world_meta 세계막=prologue · 막진입일 36 · 현재일 36 ·
  #    **박발화 키 0건** (prologue 박은 +12/+15 = 세계일 48/51 이라 아직 안 터졌다).
  #    그래서 `prologue` id 를 **그대로 보존**하고 내용만 갈았다 — WorldClockEngine:252 가
  #    등록부 밖의 막 id 를 만나면 예외를 던지므로, id 를 바꾸면 라이브 세계가 멎는다.
  # ══════════════════════════════════════════════════════════════════════

  # ── story_summary v2 「제0막 — 혼란의 서막 (무림맹 창설 전)」 ──
  #   ★id 는 prologue 를 유지한다 (라이브 상태 보존 — 위 안전 확인)
  prologue:
    name: "제0막 — 혼란의 서막"
    order: 0
    entry: { base_day: 1, gate: auto }
    # 가장 조용한 막이지만 **평화롭지는 않다**: 맹이 없어서 각자 제 앞만 본다.
    # 주인공은 청하현 튜토리얼(경험 정본 §8)과 개인 사슬(B-109)을 걷는다.
    beats:
      - key: munpa_ui_gyeongjaeng          # ★혈교와 무관한 갈등 — 「하나만 터졌어도 났다」의 근거
        at: 6
        do: { rumor: { 강도: 1, 태그: [정치, 무인], 망: inn_net, 문안키: 후계_다툼의_소문 } }
        resolve: "소문 자연 감쇠 — 남는 것은 '강호가 조용하지 않다'는 감각뿐"
      - key: wijang_tero                   # 사파인 척하는 의문의 무리 (정체 미상 = 혈교 잔재)
        at: 12
        do:
          rumor: { 강도: 2, 태그: [사파, 괴사], 망: mingan_market, 문안키: 사파를_자칭한_자들 }
          region_delta: { region: cheongha_hyeon, 치안: -3 }
        resolve: "소문 감쇠 · 치안은 회복 문법대로 — 그러나 아무도 범인을 못 잡는다 (그것이 이 박의 값)"
      - key: immun_ui_munteok              # 종결박 — 개인의 입문 문턱 (경험 정본 §8 · 옛 등재 승계)
        at: 15
        do: { chapter_open: hwasan_examination }
        resolve: "상시 개방 유지 — 개인의 입문은 각자의 때에 (세계 막은 기다리지 않고 넘어간다)"
    tempo: {}                              # 제0막은 가감 없음 — 배울 시간은 밀리지도 당겨지지도 않는다
    heralds: []                            # 첫 막 — 전조 없음
    personal_hooks: [첫_생계, 첫_소문, 문파의_문턱, 앙숙의_틈]

  # ── story_summary v2 「제1막 — 사도천 등장 (무림맹 창설 준비)」 ──
  sadocheon_deungjang:
    name: "제1막 — 사도천 등장"
    order: 1
    entry: { base_day: 24, gate: auto, requires_beat: prologue.immun_ui_munteok }
    beats:
      - key: gakja_ui_daeeung              # ★창설의 동력 — 각자 대응하고 각자 부족함을 안다
        at: 0
        do:
          rumor: { 강도: 2, 태그: [정치, 무인], 망: orthodox_net, 문안키: 각자_막아섰으나 }
          region_delta: { region: cheongha_hyeon, 민심: -2 }
        resolve: "소문 감쇠 — 그러나 '혼자서는 안 된다'는 말은 남는다 (다음 박의 씨앗)"
      - key: sadocheon_seoneon             # 정파 회합 중 사도천이 자칭하며 등장
        at: 9
        do: { rumor: { 강도: 3, 태그: [사파, 정치], 망: inn_net, 문안키: 사도천의_자칭 } }
        resolve: "소문 감쇠 — 그러나 이제 사파에 **이름이 하나** 생겼다 (돌이킬 수 없다)"
      - key: nuga_jinjja_sapa              # ★「누가 진짜 사파인가?」 — 위장 침투의 첫 단서
        at: 15
        do:
          chapter_open: vanishing_chain     # 기존 장 재사용 — 막 한정 상류: 매매선이 아니라 위장 무리
          rumor: { 강도: 2, 태그: [괴사, 사파], 망: haomun_net, 문안키: 사파가_사파를_모른다 }
        resolve: "14일 미해결 시 방치 결말 (그 장의 outcomes.방치) — 단서가 식는다"
      - key: changseol_jean                # 종결박 — 무림맹 창설 제안이 상에 오른다
        at: 20
        do: { rumor: { 강도: 3, 태그: [정치], 망: orthodox_net, 문안키: 맹을_세우자는_말 } }
        resolve: "제안은 사라지지 않는다 — 제2막의 회의가 그것을 받는다"
    tempo:
      accel:
        - { key: "chapter:vanishing_chain.방치", days: 2 }   # 단서를 놓치면 위장이 활개친다
        - { key: "region:치안_30_미만_7일", days: 1 }
      decel:
        - { key: "chapter:vanishing_chain.구출", days: -2 }
    heralds:
      - { rumor: { 강도: 2, 태그: [사파, 정치], 망: mingan_market, 문안키: 저잣거리의_수상한_말 } }
    personal_hooks: [정체_추적, 문파의_심부름, 회합의_말석]

  # ── story_summary v2 「제2막 — 무림맹 창설 (협력과 반목)」 ──
  murimmaeng_changseol:
    name: "제2막 — 무림맹 창설"
    order: 2
    entry:
      base_day: 52
      gate: human                          # ★세계의 구조가 바뀐다 (기구 신설) — 운영 판단이 선행한다
      requires_beat: sadocheon_deungjang.changseol_jean
      approval: { command: /막개전, permission: MANAGE_SERVER }
    beats:
      - key: seollip_hoeui                 # 설립 회의 — 정파 vs 보수 세가 · 세가 vs 문파 이권
        at: 0
        do: { rumor: { 강도: 3, 태그: [정치], 망: orthodox_net, 문안키: 맹약서를_두고 } }
        resolve: "회의는 결렬되지 않는다 (정본: 최종적으로 합의된다) — 다만 누가 무엇을 양보했는지가 남는다"
      - key: maengju_seonchul              # 맹주 선출 — 명성 or 실력 기반
        at: 8
        do: { world_event: 맹주선출 }
        resolve: "선출 해소 = 맹주 확정. ★맹주 진영이 이후 막의 분기 입력이 된다 (endings.inputs)"
      - key: maeng_changseol               # ★종결박 — 무림맹 결성 (되돌릴 수 없다)
        at: 12
        do:
          rumor: { 강도: 4, 태그: [정치, 무인], 망: orthodox_net, 문안키: 맹이_섰다 }
          region_delta: { region: cheongha_hyeon, 민심: 5, 치안: 3 }
        resolve: "결성 확정 — factions.yml murimmaeng.exists_at_alpha=false 가 여기서 참이 아니게 된다"
    tempo:
      accel:
        - { key: "registry:회합_중재_성사", days: -2 }        # ★감속이 아니라 가속의 반대 — 아래 decel 참조
      decel:
        - { key: "registry:회합_결렬", days: 3 }
    heralds:
      - { rumor: { 강도: 3, 태그: [정치], 망: orthodox_net, 문안키: 각_문파의_사자가_움직인다 }}
    personal_hooks: [회의_참가, 문파_대표_수행, 맹주_지지]

  # ── story_summary v2 「제3막 — 사도천과의 대립 (정 vs 사)」 ──
  #   ★세부 미확정 (사용자: "이건 다시 대화를 통해 자세히 설명") — 골격만 세운다.
  #     박 셋은 정본이 말한 것만 옮겼고, 값(강도·at·델타)은 전부 【제안】이다.
  sadocheon_daeripp:
    name: "제3막 — 사도천과의 대립"
    order: 3
    entry: { base_day: 76, gate: auto, requires_beat: murimmaeng_changseol.maeng_changseol }
    beats:
      - key: wiseon_ui_myeongbun           # 「정파는 위선이다」 — 사도천의 무력 반격
        at: 0
        do:
          rumor: { 강도: 3, 태그: [사파, 정치], 망: inn_net, 문안키: 위선이라는_말 }
          region_delta: { region: cheongha_hyeon, 치안: -6 }
        resolve: "충돌은 지역 델타와 조우로 산다 — 임계 효과(치안<30)가 전장을 만든다"
      - key: hyeolgyo_spy_chujeok          # 혈교 스파이 추적 — 사도천 안의 진짜 적
        at: 10
        do:
          myeongbun: { issue: "혈교_잠식:hyeolgyo", target: hyeolgyo, tags: [금기, 존망], gauge: 8 }
          rumor: { 강도: 3, 태그: [괴사, 금기], 망: haomun_net, 문안키: 사도천_안의_피 }
        resolve: "명분은 감쇠 문법대로 산다 (존망 태그는 4에서 멈춘다 — faction_politics)"
      - key: bonjin_ui_gil                 # ★종결박 — 토벌이냐 협력이냐
        at: 18
        do: { world_event: 사도천_본진 }
        resolve: |
          ★★노선은 **개인별로 갈린다** (사용자 확정 2026-07-27) — 서버가 한 방향으로 가지 않는다.
          플레이어마다 제 노선을 갖고, 세계는 그 **분포**로 반응한다:
          제4막 연대의 폭이 「협력」을 고른 자들의 **비율**로 정해진다.
          ★그래서 이 박의 해소는 승패가 아니라 **집계**다 — 이기고 지는 것이 아니라 갈라진다.
          ★미결: 집계의 단위·시점·개인 노선의 저장 자리 (world_meta? 캐릭터 축?) — 배선 회차
    tempo:
      accel:
        - { key: "registry:살상_사건", days: 1 }
      decel:
        - { key: "registry:정전_중재_성사", days: -3 }
    heralds:
      - { rumor: { 강도: 2, 태그: [사파], 망: mingan_market, 문안키: 흑도가_모인다는_말 } }
    personal_hooks: [진영_선택, 스파이_색출, 전장의_생계]

  # ── story_summary v2 「제4막 — 무림 연합 탄생 (정사 연대)」 ──
  #   ★세부 미확정 (제3막과 같은 대화에서 정한다)
  murim_yeonhap:
    name: "제4막 — 무림 연합 탄생"
    order: 4
    entry: { base_day: 100, gate: auto, requires_beat: sadocheon_daeripp.bonjin_ui_gil }
    beats:
      - key: gwageoreul_deopda             # 「공동의 적이 있다면, 과거는 덮을 수 있다」
        at: 0
        do: { rumor: { 강도: 4, 태그: [정치, 무인], 망: orthodox_net, 문안키: 손을_잡는다 } }
        resolve: "연대 성립 — 폭은 제3막 개인 노선의 **분포**가 정한다 (협력 비율이 높을수록 넓다)"
      - key: yeonhap_gitbal                # 연합 깃발 — 소속·연합 기술 공유가 열린다
        at: 6
        do: { world_event: 연합_결성 }
        resolve: |
          ★★무림연합은 **기구가 아니라 상태다** (사용자 확정 2026-07-27):
          「무림맹주와 사도천주가 동시적으로 협력한 상태 — 두 대표를 바탕으로 유지되는 상태」.
          그래서 factions.yml 에 새 세력 id 를 만들지 않았다 — 세력이 아니라 **두 사람의 악수**다.
          ★비대칭이 여기서 산다: 천주는 안 바뀌고(무력 고정) 맹주는 바뀔 수 있다(선출) →
            **흔들리는 쪽은 언제나 무림맹이다.**
          ★해소 조건 (사용자 확정): 「**서로의 이유를 알고 옛날만큼의 전쟁까진 아님**」 —
            연합이 풀려도 **옛날로 돌아가지 않는다.** 한 번 안 것은 못 잊으니까.
            → 제6막 이후에도 정·사가 완전 적대로 복귀하지 않는다 (엔딩 A~C 전부에 걸린다)
          ★미결: 「연합 기술 공유」가 무엇인가 · 외부 세력 결집(무기상·중립)이 누구인가 — 배선 회차
      - key: hyeolgyo_tteokbap             # ★종결박 — 혈교 암약 떡밥 (제6막의 예고)
        at: 16
        do: { rumor: { 강도: 2, 태그: [괴사, 금기], 망: haomun_net, 문안키: 아직_남은_피 } }
        resolve: "심고 멈춘다 — 제5막의 침공이 이 실을 덮는다 (그리고 제6막이 회수한다)"
    tempo: {}
    heralds:
      - { rumor: { 강도: 3, 태그: [정치], 망: inn_net, 문안키: 원수와_마주_앉는다 } }
    personal_hooks: [연대_중재, 옛_은원_청산, 연합의_사자]

  # ── story_summary v2 「제5막 — 마교 침공 (강호의 붕괴 직전)」 ──
  magyo_chimgong:
    name: "제5막 — 마교 침공"
    order: 5
    entry:
      base_day: 124
      gate: human                          # ★살상 PvP 개방과 맞물린다 (경험 정본 §2 · 옛 sampajeon 승계)
      requires_beat: murim_yeonhap.hyeolgyo_tteokbap
      approval: { command: /막개전, permission: MANAGE_SERVER }
    rules_shift:
      lethal_pvp: open                     # 이 막부터 — 이전 막은 전부 쓰러짐→의방 회수 (B-111)
    beats:
      - key: chimgong_gaesi                # 천마신교의 본격 침공
        at: 0
        do:
          myeongbun: { issue: "마교_침략:magyo", target: magyo, tags: [존망, 무림침해], gauge: 13 }
          rumor: { 강도: 4, 태그: [정치, 무인], 망: orthodox_net, 문안키: 침공_개시 }
        resolve: "명분은 감쇠 문법대로 산다 (존망 태그는 4에서 멈춘다)"
      - key: gonryun_goryp                 # 곤륜파 고립 · 서역 붕괴
        at: 8
        do:
          rumor: { 강도: 4, 태그: [괴사, 정치], 망: sangdan_net, 문안키: 서역이_끊겼다 }
          region_delta: { region: cheongha_hyeon, 경제: -8 }
        resolve: "상로가 끊긴 값은 경제로 산다 — 회복 문법대로"
      - key: daejeon_gyeolgwa               # ★종결박 — 승패가 **정본이 정하지 않는다**
        at: 20
        do: { world_event: 마교_대전 }
        resolve: "★해소가 승패를 남긴다 (유저 전투 결과·퀘스트 진행률). 옛 정본의 '격퇴 확정'은 폐기됐다 —
          이 결과가 endings.inputs.마교_승패 로 들어간다"
    tempo:
      accel:
        - { key: "registry:살상_사건", days: 1 }
        - { key: "region:민심_35_미만_7일", days: 1 }
      decel:
        - { key: "registry:정전_중재_성사", days: -3 }
    heralds:
      - { rumor: { 강도: 4, 태그: [정치, 괴사], 망: orthodox_net, 문안키: 서쪽_하늘의_먼지 } }
    personal_hooks: [참전, 피난민_구호, 전장의_생계]

  # ── story_summary v2 「제6막 — 혈교 실체 등장 (모두의 적)」 ──
  hyeolgyo_siltche:
    name: "제6막 — 혈교 실체 등장"
    order: 6
    entry:
      base_day: 0                          # 절대일 없음 — 대전 해소가 유일한 시계
      gate: human
      requires_beat: magyo_chimgong.daejeon_gyeolgwa
      approval: { command: /막개전, permission: MANAGE_SERVER }
    beats:
      - key: bonsaek                       # 혈교가 본색을 드러낸다 — 사도천·정파·마교조차 공격
        at: 0
        do:
          myeongbun: { issue: "혈교_전면:hyeolgyo", target: hyeolgyo, tags: [금기, 존망], gauge: 13,
                       victims_add: [magyo] }
          rumor: { 강도: 5, 태그: [괴사, 금기], 망: haomun_net, 문안키: 모두의_적 }
        resolve: "★victims_add: magyo — 마교가 피해자 명단에 오른다. 진영 무관 협동의 근거"
      - key: gangsi_budae                  # 강시 부대 · 피의식 · 인신공양
        at: 6
        do:
          rumor: { 강도: 5, 태그: [괴사, 금기], 망: mingan_market, 문안키: 죽은_자가_걷는다 }
          region_delta: { region: cheongha_hyeon, 민심: -10, 치안: -8 }
        resolve: "강시는 npc_lifecycle·npc_combat 신설 대상 (별도 청구서) — 여기서는 세계 반응만"
      - key: jeonmyeonjeon                 # ★종결박 — 정/사/마 전면 협동 → 엔딩 분기
        at: 18
        do: { world_event: 혈교_전면전 }
        resolve: "★해소가 엔딩을 정한다 — endings 절이 그 판정을 적어 뒀다 (선형 다음 막이 없다)"
    tempo:
      accel:
        - { key: "registry:살상_사건", days: 1 }
      decel:
        - { key: "registry:정전_중재_성사", days: -3 }
    heralds:
      - { rumor: { 강도: 4, 태그: [금기, 괴사], 망: inn_net, 문안키: 피비린내가_가까이 } }
    personal_hooks: [진영_무관_협동, 강시_토벌, 잃은_것_찾기]

# ═══════════════════════════════════════════════════════════════════
# 엔딩 분기 — ★문법 신설 (사용자 확정 2026-07-26 「ㄹ 분기 문법 늘리기 신설」)
# ═══════════════════════════════════════════════════════════════════
#
# ─── 왜 acts 로는 안 되는가 ───
# acts 는 **선형**이다: order 0..N-1 연속 + requires_beat 로 직전 막의 박을 문다
# (world_clock_audit ① 이 그 두 가지를 강제한다). 엔딩은 넷이 **동시에 후보**이고
# 하나만 실현된다 — order 를 줄 수 없다. 그래서 막이 아니라 **별도 절**이다.
#
# ─── 원칙 ───
#  ① 엔딩은 막이 아니다. 마지막 막(hyeolgyo_siltche)의 **종결박이 해소되는 순간** 판정된다.
#  ② 판정 입력은 **이미 세계에 있는 것만** 쓴다 — 새 통화를 발명하지 않는다
#     (world_clock 머리 원칙 그대로: 신규 통화 발명 없음).
#  ③ **정확히 하나가 뽑힌다**: priority 낮은 수부터 검사하고 첫 성립을 취한다.
#     마지막 것은 조건이 없다(fallback) — 그래서 '아무 엔딩도 없는 세계'가 불가능하다.
#  ④ 수치는 노출 금지 (visibility 총원칙) — 엔딩 이름조차 소문·연출로만 드러난다.
#  ⑤ ★비정규(D)는 **개인**의 엔딩이다. 세계 엔딩과 **동시에 성립할 수 있다** —
#     그래서 scope 로 갈랐다: 세계(world) 하나 + 개인(personal) 별개.
#
endings:
  meta:
    decided_at: hyeolgyo_siltche.jeonmyeonjeon   # 이 박의 해소가 판정 시점
    state_key: 세계엔딩                            # world_meta 키 — 한 번 적히면 되돌리지 않는다
    event_type: 막엔딩                             # events 원장 append 타입 (되돌림 불가의 흔적)
    exactly_one: world                            # scope=world 는 정확히 하나 (fallback 이 보장한다)
    visibility: "엔딩 id·판정 입력 전부 내부 상태 — 노출 금지. 드러나는 것은 연출과 소문뿐"

  # 판정 입력 — ★전부 기존 축에서 읽는다 (발명 없음)
  inputs:
    마교_승패:
      from: "magyo_chimgong.daejeon_gyeolgwa 의 해소 결과"
      values: [격퇴, 패배]                        # 옛 정본의 '격퇴 확정'은 폐기됐다 (유저 결과가 정한다)
    연대_폭:
      from: "sadocheon_daeripp.bonjin_ui_gil 의 **개인 노선 분포** (협력을 고른 비율)"
      values: [좁다, 넓다]
      note: "★서버 하나의 값이 아니라 집계다 (노선은 개인별로 갈린다 — 2026-07-27 확정).
        임계값·집계 시점은 미결"
    맹주_진영:
      from: "murimmaeng_changseol.maengju_seonchul 의 해소 결과"
      values: [미정]                              # ★후보 목록 미확정 (무림맹 미결 문답과 같은 대화에서)
    혈교_명분:
      from: "faction_politics 명분 게이지 (혈교_전면:hyeolgyo)"
      note: "존망 태그는 4에서 멈춘다 — 게이지는 '전면전에 누가 나왔는가'의 대리값이다"

  world:
    - id: jeongpa_seungri
      priority: 1
      name: "A. 정파 승리"
      when: { 마교_승패: 격퇴, 혈교_명분: 성립 }
      outcome: "무림맹이 주도한 무림연합이 혈교를 **봉인**한다. 질서 확립·강호 안정"
      do:
        rumor: { 강도: 5, 태그: [정치, 무인], 망: orthodox_net, 문안키: 봉인의_날 }
        region_delta: { region: cheongha_hyeon, 민심: 12, 치안: 10 }

    - id: magyo_honran
      priority: 2
      name: "B. 마교 중심 혼란"
      when: { 마교_승패: 패배 }
      outcome: "마교가 일시 승리한 뒤 혈교와 부딪친다. 무림은 폐허 — 일부 세가·문파가 암흑화한다"
      do:
        rumor: { 강도: 5, 태그: [괴사, 정치], 망: inn_net, 문안키: 폐허의_강호 }
        region_delta: { region: cheongha_hyeon, 민심: -15, 치안: -12, 경제: -10 }

    - id: hyeolgyo_amyak
      priority: 3
      name: "C. 혈교 암약"
      when: {}                                   # ★fallback — 조건 없음 (그래서 엔딩 없는 세계가 없다)
      outcome: "혈교 잔재가 다시 어둠으로 숨는다. 평온해지지만 **공포는 사라지지 않는다**"
      do:
        rumor: { 강도: 3, 태그: [괴사, 금기], 망: haomun_net, 문안키: 재_속의_불씨 }
      note: "★옛 에필로그(혼돈의 재)가 여기로 흡수됐다 — 다음 시즌의 씨앗은 이 엔딩이 심는다"

  personal:
    - id: munpa_route
      name: "D. 개별 문파 엔딩 (비정규)"
      scope: personal                            # ★세계 엔딩과 동시에 성립한다 (배타 아님)
      when: { 조건: 미정 }                        # ★지어내지 않는다 — 은거·혈화·선경의 조건은 미결
      outcome: "자기 문파 루트의 끝 (은거·혈화·선경 등)"
      note: "★미결: 조건·문파별 갈래·개인 엔딩이 세계 엔딩 연출을 덮는가.
        cultivation/sect_life 축과 함께 정할 일이다"

  # ★미배선 (정직한 기록): 이 절을 읽는 코드는 아직 없다.
  #   WorldClockEngine 은 '마지막 막이면 return' 으로 끝난다 (시즌 마감은 사람의 일).
  #   엔딩 판정을 코드로 옮기는 것은 별도 청구서다 — 지금은 **등록부가 먼저 선다**
  #   (이 파일의 다른 절들도 그 순서로 살았다: tempo 는 아직 입력이 미배선이다).
  wiring_status: 미배선
